
Microsoft Visual Studio Solution File, Format Version 12.00
# Visual Studio Version 17
VisualStudioVersion = 17.7.34031.279
MinimumVisualStudioVersion = 10.0.40219.1
Project("{FAE04EC0-301F-11D3-BF4B-00C04F79EFBC}") = "MusicServiceDomain", "MusicServiceDomain\MusicServiceDomain.csproj", "{DF1CA61A-2D47-499C-9AB0-F7F68D55FA53}"
EndProject
Project("{FAE04EC0-301F-11D3-BF4B-00C04F79EFBC}") = "MusicServiceInfrastructure", "MusicServiceInfrastructure\MusicServiceInfrastructure.csproj", "{2DB429EB-E640-4A60-92EA-681883EC77D4}"
EndProject
Global
	GlobalSection(SolutionConfigurationPlatforms) = preSolution
		Debug|Any CPU = Debug|Any CPU
		Release|Any CPU = Release|Any CPU
	EndGlobalSection
	GlobalSection(ProjectConfigurationPlatforms) = postSolution
		{DF1CA61A-2D47-499C-9AB0-F7F68D55FA53}.Debug|Any CPU.ActiveCfg = Debug|Any CPU
		{DF1CA61A-2D47-499C-9AB0-F7F68D55FA53}.Debug|Any CPU.Build.0 = Debug|Any CPU
		{DF1CA61A-2D47-499C-9AB0-F7F68D55FA53}.Release|Any CPU.ActiveCfg = Release|Any CPU
		{DF1CA61A-2D47-499C-9AB0-F7F68D55FA53}.Release|Any CPU.Build.0 = Release|Any CPU
		{2DB429EB-E640-4A60-92EA-681883EC77D4}.Debug|Any CPU.ActiveCfg = Debug|Any CPU
		{2DB429EB-E640-4A60-92EA-681883EC77D4}.Debug|Any CPU.Build.0 = Debug|Any CPU
		{2DB429EB-E640-4A60-92EA-681883EC77D4}.Release|Any CPU.ActiveCfg = Release|Any CPU
		{2DB429EB-E640-4A60-92EA-681883EC77D4}.Release|Any CPU.Build.0 = Release|Any CPU
	EndGlobalSection
	GlobalSection(SolutionProperties) = preSolution
		HideSolutionNode = FALSE
	EndGlobalSection
	GlobalSection(ExtensibilityGlobals) = postSolution
		SolutionGuid = {349238C0-41E9-4B2F-977B-D095421A2413}
	EndGlobalSection
EndGlobal
